# This file is automatically @generated by Cargo.
# It is not intended for manual editing.
version = 4

[[package]]
name = "farfield-blobs"
version = "0.1.0"
dependencies = [
 "farfield-core",
]

[[package]]
name = "farfield-cli"
version = "0.1.0"
dependencies = [
 "farfield-core",
 "farfield-schema",
]

[[package]]
name = "farfield-core"
version = "0.1.0"

[[package]]
name = "farfield-schema"
version = "0.1.0"
dependencies = [
 "farfield-core",
]

[[package]]
name = "farfield-server"
version = "0.1.0"
dependencies = [
 "farfield-blobs",
 "farfield-core",
 "farfield-schema",
 "farfield-snapshot",
 "farfield-store",
]

[[package]]
name = "farfield-snapshot"
version = "0.1.0"
dependencies = [
 "farfield-store",
]

[[package]]
name = "farfield-store"
version = "0.1.0"
dependencies = [
 "farfield-core",
]
